
Microsoft Visual Studio Solution File, Format Version 12.00
# Visual Studio Version 17
VisualStudioVersion = 17.11.35327.3
MinimumVisualStudioVersion = 10.0.40219.1
Project("{FAE04EC0-301F-11D3-BF4B-00C04F79EFBC}") = "SecretSanta", "SecretSanta\SecretSanta.csproj", "{7F910877-BD57-40F9-A653-BDE148623906}"
EndProject
Global
	GlobalSection(SolutionConfigurationPlatforms) = preSolution
		Debug|Any CPU = Debug|Any CPU
		Release|Any CPU = Release|Any CPU
	EndGlobalSection
	GlobalSection(ProjectConfigurationPlatforms) = postSolution
		{7F910877-BD57-40F9-A653-BDE148623906}.Debug|Any CPU.ActiveCfg = Debug|Any CPU
		{7F910877-BD57-40F9-A653-BDE148623906}.Debug|Any CPU.Build.0 = Debug|Any CPU
		{7F910877-BD57-40F9-A653-BDE148623906}.Release|Any CPU.ActiveCfg = Release|Any CPU
		{7F910877-BD57-40F9-A653-BDE148623906}.Release|Any CPU.Build.0 = Release|Any CPU
	EndGlobalSection
	GlobalSection(SolutionProperties) = preSolution
		HideSolutionNode = FALSE
	EndGlobalSection
	GlobalSection(ExtensibilityGlobals) = postSolution
		SolutionGuid = {D86053E5-D1C1-495A-A18F-08450D5E4F93}
	EndGlobalSection
EndGlobal
